{
  "nodes": {
    "audio-scripts": {
      "inputs": {
        "nixpkgs": [
          "nixpkgs"
        ],
        "utils": "utils"
      },
      "locked": {
        "lastModified": 1727297915,
        "narHash": "sha256-b8/IUxnd2vjV33ZJxAg14cOf6GFdzL26SCOckBa1loc=",
        "owner": "makefu",
        "repo": "audio-scripts",
        "rev": "5ff394180e52a081bbca0d21c18794edbf1dbea6",
        "type": "github"
      },
      "original": {
        "owner": "makefu",
        "repo": "audio-scripts",
        "type": "github"
      }
    },
    "brockman": {
      "inputs": {
        "nixos-generators": "nixos-generators",
        "nixpkgs": [
          "nixpkgs"
        ]
      },
      "locked": {
        "lastModified": 1733833740,
        "narHash": "sha256-vaNjbqpR1KZhLY7/Ht+pcQuaNO+NhQ71n+0QWtaQaXo=",
        "owner": "kmein",
        "repo": "brockman",
        "rev": "ebea6a616190dbaeda793951b008c65383be1e0a",
        "type": "github"
      },
      "original": {
        "owner": "kmein",
        "repo": "brockman",
        "type": "github"
      }
    },
    "brother_ql_web": {
      "inputs": {
        "flake-utils": "flake-utils",
        "nixpkgs": [
          "nixpkgs"
        ],
        "poetry2nix": "poetry2nix"
      },
      "locked": {
        "lastModified": 1696270982,
        "narHash": "sha256-PdE8ZsHrXINhkCXUbZzfmgDUSVN8cP3F3wH6ANSUueM=",
        "owner": "makefu",
        "repo": "brother_ql_web",
        "rev": "23e01b4f08c20932c076730c37dce3fbf0083ee3",
        "type": "github"
      },
      "original": {
        "owner": "makefu",
        "repo": "brother_ql_web",
        "type": "github"
      }
    },
    "buildbot-nix": {
      "inputs": {
        "flake-parts": [
          "flake-parts"
        ],
        "hercules-ci-effects": "hercules-ci-effects",
        "nixpkgs": [
          "nixpkgs"
        ],
        "treefmt-nix": "treefmt-nix"
      },
      "locked": {
        "lastModified": 1734574538,
        "narHash": "sha256-WDZag7bKBnxNfqE4rpkSzxP0Kr81CbR0OtVTJU4byrQ=",
        "owner": "Mic92",
        "repo": "buildbot-nix",
        "rev": "213ab24f913967b2615bd22b8a510f06f843d008",
        "type": "github"
      },
      "original": {
        "owner": "Mic92",
        "repo": "buildbot-nix",
        "type": "github"
      }
    },
    "buildbot-nix_2": {
      "inputs": {
        "flake-parts": "flake-parts_4",
        "nixpkgs": [
          "stockholm",
          "nixpkgs"
        ],
        "treefmt-nix": "treefmt-nix_6"
      },
      "locked": {
        "lastModified": 1725761443,
        "narHash": "sha256-RX3qnLYaFxlvOAYL6WsM5nGjNnMZQIgKIpIxigPmiAU=",
        "owner": "Mic92",
        "repo": "buildbot-nix",
        "rev": "ade5f42d7e56c8298d729aa0e804c8062e7a77ac",
        "type": "github"
      },
      "original": {
        "owner": "Mic92",
        "repo": "buildbot-nix",
        "type": "github"
      }
    },
    "clan-core": {
      "inputs": {
        "disko": "disko",
        "flake-parts": [
          "flake-parts"
        ],
        "nixos-facter-modules": "nixos-facter-modules",
        "nixpkgs": [
          "nixpkgs"
        ],
        "sops-nix": "sops-nix",
        "systems": "systems_4",
        "treefmt-nix": "treefmt-nix_2"
      },
      "locked": {
        "lastModified": 1734701645,
        "narHash": "sha256-FO3oWnmMMOLNitpQIrpmM4cf1N4mWAipf/TRba6zCFU=",
        "ref": "refs/heads/main",
        "rev": "0427d5ebe4f797f49e128cbe46c557d9ed941113",
        "revCount": 5262,
        "type": "git",
        "url": "https://git.clan.lol/clan/clan-core"
      },
      "original": {
        "type": "git",
        "url": "https://git.clan.lol/clan/clan-core"
      }
    },
    "crane": {
      "inputs": {
        "nixpkgs": "nixpkgs"
      },
      "locked": {
        "lastModified": 1707363508,
        "narHash": "sha256-Cu5Mwktod5hcxxSpHl0FCeZ9la7v4KO5Tfrrs59AAJg=",
        "owner": "ipetkov",
        "repo": "crane",
        "rev": "f2926e34a1599837f3256c701739529d772e36e7",
        "type": "github"
      },
      "original": {
        "owner": "ipetkov",
        "repo": "crane",
        "type": "github"
      }
    },
    "data-mesher": {
      "inputs": {
        "flake-parts": "flake-parts_2",
        "nixpkgs": [
          "nether",
          "nixpkgs"
        ],
        "treefmt-nix": "treefmt-nix_3"
      },
      "locked": {
        "lastModified": 1726067582,
        "narHash": "sha256-YAvfP6wZZuAAz7ZdWEsePDzUM7aQJEGsINkGf76eqvk=",
        "rev": "8e4ee1bf99479544823c89bc6dfbc81abe5a7a50",
        "type": "tarball",
        "url": "https://git.clan.lol/api/v1/repos/clan/data-mesher/archive/8e4ee1bf99479544823c89bc6dfbc81abe5a7a50.tar.gz"
      },
      "original": {
        "type": "tarball",
        "url": "https://git.clan.lol/clan/data-mesher/archive/main.tar.gz"
      }
    },
    "disko": {
      "inputs": {
        "nixpkgs": [
          "clan-core",
          "nixpkgs"
        ]
      },
      "locked": {
        "lastModified": 1734088167,
        "narHash": "sha256-OIitVU+IstPbX/NWn2jLF+/sT9dVKcO2FKeRAzlyX6c=",
        "owner": "nix-community",
        "repo": "disko",
        "rev": "d32f2d1750d61a476a236526b725ec5a32e16342",
        "type": "github"
      },
      "original": {
        "owner": "nix-community",
        "repo": "disko",
        "type": "github"
      }
    },
    "flake-compat": {
      "flake": false,
      "locked": {
        "lastModified": 1696426674,
        "narHash": "sha256-kvjfFW7WAETZlt09AgDn1MrtKzP7t90Vf7vypd3OL1U=",
        "owner": "edolstra",
        "repo": "flake-compat",
        "rev": "0f9255e01c2351cc7d116c072cb317785dd33b33",
        "type": "github"
      },
      "original": {
        "owner": "edolstra",
        "repo": "flake-compat",
        "type": "github"
      }
    },
    "flake-parts": {
      "inputs": {
        "nixpkgs-lib": [
          "nixpkgs"
        ]
      },
      "locked": {
        "lastModified": 1733312601,
        "narHash": "sha256-4pDvzqnegAfRkPwO3wmwBhVi/Sye1mzps0zHWYnP88c=",
        "owner": "hercules-ci",
        "repo": "flake-parts",
        "rev": "205b12d8b7cd4802fbcb8e8ef6a0f1408781a4f9",
        "type": "github"
      },
      "original": {
        "owner": "hercules-ci",
        "repo": "flake-parts",
        "type": "github"
      }
    },
    "flake-parts_2": {
      "inputs": {
        "nixpkgs-lib": [
          "nether",
          "data-mesher",
          "nixpkgs"
        ]
      },
      "locked": {
        "lastModified": 1725234343,
        "narHash": "sha256-+ebgonl3NbiKD2UD0x4BszCZQ6sTfL4xioaM49o5B3Y=",
        "owner": "hercules-ci",
        "repo": "flake-parts",
        "rev": "567b938d64d4b4112ee253b9274472dc3a346eb6",
        "type": "github"
      },
      "original": {
        "owner": "hercules-ci",
        "repo": "flake-parts",
        "type": "github"
      }
    },
    "flake-parts_3": {
      "inputs": {
        "nixpkgs-lib": [
          "nether",
          "nixpkgs"
        ]
      },
      "locked": {
        "lastModified": 1726153070,
        "narHash": "sha256-HO4zgY0ekfwO5bX0QH/3kJ/h4KvUDFZg8YpkNwIbg1U=",
        "owner": "hercules-ci",
        "repo": "flake-parts",
        "rev": "bcef6817a8b2aa20a5a6dbb19b43e63c5bf8619a",
        "type": "github"
      },
      "original": {
        "owner": "hercules-ci",
        "repo": "flake-parts",
        "type": "github"
      }
    },
    "flake-parts_4": {
      "inputs": {
        "nixpkgs-lib": [
          "stockholm",
          "buildbot-nix",
          "nixpkgs"
        ]
      },
      "locked": {
        "lastModified": 1725234343,
        "narHash": "sha256-+ebgonl3NbiKD2UD0x4BszCZQ6sTfL4xioaM49o5B3Y=",
        "owner": "hercules-ci",
        "repo": "flake-parts",
        "rev": "567b938d64d4b4112ee253b9274472dc3a346eb6",
        "type": "github"
      },
      "original": {
        "owner": "hercules-ci",
        "repo": "flake-parts",
        "type": "github"
      }
    },
    "flake-utils": {
      "inputs": {
        "systems": "systems_2"
      },
      "locked": {
        "lastModified": 1681202837,
        "narHash": "sha256-H+Rh19JDwRtpVPAWp64F+rlEtxUWBAQW28eAi3SRSzg=",
        "owner": "numtide",
        "repo": "flake-utils",
        "rev": "cfacdce06f30d2b68473a46042957675eebb3401",
        "type": "github"
      },
      "original": {
        "owner": "numtide",
        "repo": "flake-utils",
        "type": "github"
      }
    },
    "flake-utils_2": {
      "inputs": {
        "systems": "systems_3"
      },
      "locked": {
        "lastModified": 1681202837,
        "narHash": "sha256-H+Rh19JDwRtpVPAWp64F+rlEtxUWBAQW28eAi3SRSzg=",
        "owner": "numtide",
        "repo": "flake-utils",
        "rev": "cfacdce06f30d2b68473a46042957675eebb3401",
        "type": "github"
      },
      "original": {
        "owner": "numtide",
        "repo": "flake-utils",
        "type": "github"
      }
    },
    "flake-utils_3": {
      "inputs": {
        "systems": "systems_5"
      },
      "locked": {
        "lastModified": 1685518550,
        "narHash": "sha256-o2d0KcvaXzTrPRIo0kOLV0/QXHhDQ5DTi+OxcjO8xqY=",
        "owner": "numtide",
        "repo": "flake-utils",
        "rev": "a1720a10a6cfe8234c0e93907ffe81be440f4cef",
        "type": "github"
      },
      "original": {
        "owner": "numtide",
        "repo": "flake-utils",
        "type": "github"
      }
    },
    "flake-utils_4": {
      "inputs": {
        "systems": "systems_6"
      },
      "locked": {
        "lastModified": 1681202837,
        "narHash": "sha256-H+Rh19JDwRtpVPAWp64F+rlEtxUWBAQW28eAi3SRSzg=",
        "owner": "numtide",
        "repo": "flake-utils",
        "rev": "cfacdce06f30d2b68473a46042957675eebb3401",
        "type": "github"
      },
      "original": {
        "owner": "numtide",
        "repo": "flake-utils",
        "type": "github"
      }
    },
    "flake-utils_5": {
      "locked": {
        "lastModified": 1676283394,
        "narHash": "sha256-XX2f9c3iySLCw54rJ/CZs+ZK6IQy7GXNY4nSOyu2QG4=",
        "owner": "numtide",
        "repo": "flake-utils",
        "rev": "3db36a8b464d0c4532ba1c7dda728f4576d6d073",
        "type": "github"
      },
      "original": {
        "owner": "numtide",
        "repo": "flake-utils",
        "type": "github"
      }
    },
    "flake-utils_6": {
      "inputs": {
        "systems": "systems_7"
      },
      "locked": {
        "lastModified": 1726560853,
        "narHash": "sha256-X6rJYSESBVr3hBoH0WbKE5KvhPU5bloyZ2L4K60/fPQ=",
        "owner": "numtide",
        "repo": "flake-utils",
        "rev": "c1dfcf08411b08f6b8615f7d8971a2bfa81d5e8a",
        "type": "github"
      },
      "original": {
        "owner": "numtide",
        "repo": "flake-utils",
        "type": "github"
      }
    },
    "flake-utils_7": {
      "inputs": {
        "systems": "systems_9"
      },
      "locked": {
        "lastModified": 1681202837,
        "narHash": "sha256-H+Rh19JDwRtpVPAWp64F+rlEtxUWBAQW28eAi3SRSzg=",
        "owner": "numtide",
        "repo": "flake-utils",
        "rev": "cfacdce06f30d2b68473a46042957675eebb3401",
        "type": "github"
      },
      "original": {
        "owner": "numtide",
        "repo": "flake-utils",
        "type": "github"
      }
    },
    "gitignore": {
      "inputs": {
        "nixpkgs": [
          "lanzaboote",
          "pre-commit-hooks-nix",
          "nixpkgs"
        ]
      },
      "locked": {
        "lastModified": 1709087332,
        "narHash": "sha256-HG2cCnktfHsKV0s4XW83gU3F57gaTljL9KNSuG6bnQs=",
        "owner": "hercules-ci",
        "repo": "gitignore.nix",
        "rev": "637db329424fd7e46cf4185293b9cc8c88c95394",
        "type": "github"
      },
      "original": {
        "owner": "hercules-ci",
        "repo": "gitignore.nix",
        "type": "github"
      }
    },
    "ha-ara-menu": {
      "inputs": {
        "flake-utils": "flake-utils_3",
        "nixpkgs": [
          "nixpkgs"
        ],
        "poetry2nix": [
          "poetry2nix"
        ]
      },
      "locked": {
        "lastModified": 1707947095,
        "narHash": "sha256-2Ctkda6D+GlhMvHDVyFWTSWBm8zaRZljFfF5q0aRPtA=",
        "owner": "kalauerclub",
        "repo": "ha_ara_menu",
        "rev": "f5eae4ac8149c18fa5f335be6fbdbdb1bd2f3827",
        "type": "github"
      },
      "original": {
        "owner": "kalauerclub",
        "repo": "ha_ara_menu",
        "type": "github"
      }
    },
    "hercules-ci-effects": {
      "inputs": {
        "flake-parts": [
          "buildbot-nix",
          "flake-parts"
        ],
        "nixpkgs": [
          "buildbot-nix",
          "nixpkgs"
        ]
      },
      "locked": {
        "lastModified": 1733333617,
        "narHash": "sha256-nMMQXREGvLOLvUa0ByhYFdaL0Jov0t1wzLbKjr05P2w=",
        "owner": "hercules-ci",
        "repo": "hercules-ci-effects",
        "rev": "56f8ea8d502c87cf62444bec4ee04512e8ea24ea",
        "type": "github"
      },
      "original": {
        "owner": "hercules-ci",
        "repo": "hercules-ci-effects",
        "type": "github"
      }
    },
    "home-manager": {
      "inputs": {
        "nixpkgs": [
          "nixpkgs"
        ]
      },
      "locked": {
        "lastModified": 1734622215,
        "narHash": "sha256-OOfI0XhSJGHblfdNDhfnn8QnZxng63rWk9eeJ2tCbiI=",
        "owner": "nix-community",
        "repo": "home-manager",
        "rev": "1395379a7a36e40f2a76e7b9936cc52950baa1be",
        "type": "github"
      },
      "original": {
        "owner": "nix-community",
        "repo": "home-manager",
        "type": "github"
      }
    },
    "inventory4ce": {
      "inputs": {
        "flake-utils": "flake-utils_4",
        "nixpkgs": [
          "nixpkgs"
        ],
        "poetry2nix": [
          "poetry2nix"
        ]
      },
      "locked": {
        "lastModified": 1707947571,
        "narHash": "sha256-e+VwPE5kNt7frQocglztKP2sA07gm6ryBcLbquV2cVM=",
        "owner": "kalauerclub",
        "repo": "inventory4ce",
        "rev": "754741adf1320e0c95d53941c18f3ec124960495",
        "type": "github"
      },
      "original": {
        "owner": "kalauerclub",
        "repo": "inventory4ce",
        "type": "github"
      }
    },
    "lanzaboote": {
      "inputs": {
        "crane": "crane",
        "flake-compat": "flake-compat",
        "flake-parts": [
          "flake-parts"
        ],
        "nixpkgs": [
          "nixpkgs"
        ],
        "pre-commit-hooks-nix": "pre-commit-hooks-nix",
        "rust-overlay": "rust-overlay"
      },
      "locked": {
        "lastModified": 1731941836,
        "narHash": "sha256-zpmAzrvK8KdssBSwiIwwRxaUJ77oWORbW0XFvgCFpTE=",
        "owner": "nix-community",
        "repo": "lanzaboote",
        "rev": "2f48272f34174fd2a5ab3df4d8a46919247be879",
        "type": "github"
      },
      "original": {
        "owner": "nix-community",
        "repo": "lanzaboote",
        "type": "github"
      }
    },
    "nether": {
      "inputs": {
        "clan-core": [
          "clan-core"
        ],
        "data-mesher": "data-mesher",
        "flake-parts": "flake-parts_3",
        "nixpkgs": [
          "nixpkgs"
        ],
        "treefmt-nix": "treefmt-nix_4"
      },
      "locked": {
        "lastModified": 1732368528,
        "narHash": "sha256-WO0NAN1OLXGY9+OnFS673pEoPVOhSbOSB1Pwd0vcb4s=",
        "owner": "lassulus",
        "repo": "nether",
        "rev": "c242b4f6d61185edfadaccd9df4bb4e086627d32",
        "type": "github"
      },
      "original": {
        "owner": "lassulus",
        "repo": "nether",
        "type": "github"
      }
    },
    "nix-github-actions": {
      "inputs": {
        "nixpkgs": [
          "poetry2nix",
          "nixpkgs"
        ]
      },
      "locked": {
        "lastModified": 1729742964,
        "narHash": "sha256-B4mzTcQ0FZHdpeWcpDYPERtyjJd/NIuaQ9+BV1h+MpA=",
        "owner": "nix-community",
        "repo": "nix-github-actions",
        "rev": "e04df33f62cdcf93d73e9a04142464753a16db67",
        "type": "github"
      },
      "original": {
        "owner": "nix-community",
        "repo": "nix-github-actions",
        "type": "github"
      }
    },
    "nix-ld": {
      "inputs": {
        "nixpkgs": [
          "nixpkgs"
        ]
      },
      "locked": {
        "lastModified": 1735774660,
        "narHash": "sha256-g/9+jzWvu73YPHw9AB/yVCDSld7GdovliAUkfVP7YU0=",
        "owner": "Mic92",
        "repo": "nix-ld",
        "rev": "5f12c696cae384350f95f2af9dffe39ee0e445e5",
        "type": "github"
      },
      "original": {
        "owner": "Mic92",
        "repo": "nix-ld",
        "type": "github"
      }
    },
    "nix-writers": {
      "inputs": {
        "flake-utils": "flake-utils_5",
        "nixpkgs": [
          "nixpkgs"
        ]
      },
      "locked": {
        "lastModified": 1677612737,
        "narHash": "sha256-UaCKZ4PbMZU6UZH7XNFcjRtd5jheswl66rjZDBfQgp8=",
        "ref": "refs/heads/master",
        "rev": "66a1f6833464bbb121b6d94247ad769f277351f8",
        "revCount": 39,
        "type": "git",
        "url": "https://cgit.krebsco.de/nix-writers"
      },
      "original": {
        "type": "git",
        "url": "https://cgit.krebsco.de/nix-writers"
      }
    },
    "nixlib": {
      "locked": {
        "lastModified": 1636849918,
        "narHash": "sha256-nzUK6dPcTmNVrgTAC1EOybSMsrcx+QrVPyqRdyKLkjA=",
        "owner": "nix-community",
        "repo": "nixpkgs.lib",
        "rev": "28a5b0557f14124608db68d3ee1f77e9329e9dd5",
        "type": "github"
      },
      "original": {
        "owner": "nix-community",
        "repo": "nixpkgs.lib",
        "type": "github"
      }
    },
    "nixos-facter-modules": {
      "locked": {
        "lastModified": 1734596637,
        "narHash": "sha256-MRqwVAe3gsb88u4ME1UidmZFVCx+FEnoob0zkpO9DMY=",
        "owner": "numtide",
        "repo": "nixos-facter-modules",
        "rev": "536472754982bf03079b4b4e0261838a760587c0",
        "type": "github"
      },
      "original": {
        "owner": "numtide",
        "repo": "nixos-facter-modules",
        "type": "github"
      }
    },
    "nixos-generators": {
      "inputs": {
        "nixlib": "nixlib",
        "nixpkgs": [
          "brockman",
          "nixpkgs"
        ]
      },
      "locked": {
        "lastModified": 1653339081,
        "narHash": "sha256-dpim9Mtd57Yj6qt7p7UKwjWm6NnOU3S7jaEyEscSyPE=",
        "owner": "nix-community",
        "repo": "nixos-generators",
        "rev": "fb3ee0f618b8c80dea1239691b15dfeb4bb46331",
        "type": "github"
      },
      "original": {
        "owner": "nix-community",
        "repo": "nixos-generators",
        "type": "github"
      }
    },
    "nixos-hardware": {
      "locked": {
        "lastModified": 1734352517,
        "narHash": "sha256-mfv+J/vO4nqmIOlq8Y1rRW8hVsGH3M+I2ESMjhuebDs=",
        "owner": "NixOS",
        "repo": "nixos-hardware",
        "rev": "b12e314726a4226298fe82776b4baeaa7bcf3dcd",
        "type": "github"
      },
      "original": {
        "owner": "NixOS",
        "repo": "nixos-hardware",
        "type": "github"
      }
    },
    "nixpkgs": {
      "locked": {
        "lastModified": 1734435836,
        "narHash": "sha256-kMBQ5PRiFLagltK0sH+08aiNt3zGERC2297iB6vrvlU=",
        "owner": "NixOS",
        "repo": "nixpkgs",
        "rev": "4989a246d7a390a859852baddb1013f825435cee",
        "type": "github"
      },
      "original": {
        "owner": "NixOS",
        "ref": "nixpkgs-unstable",
        "repo": "nixpkgs",
        "type": "github"
      }
    },
    "nixpkgs-stable": {
      "locked": {
        "lastModified": 1720386169,
        "narHash": "sha256-NGKVY4PjzwAa4upkGtAMz1npHGoRzWotlSnVlqI40mo=",
        "owner": "NixOS",
        "repo": "nixpkgs",
        "rev": "194846768975b7ad2c4988bdb82572c00222c0d7",
        "type": "github"
      },
      "original": {
        "owner": "NixOS",
        "ref": "nixos-24.05",
        "repo": "nixpkgs",
        "type": "github"
      }
    },
    "nixpkgs_2": {
      "locked": {
        "lastModified": 1735834308,
        "narHash": "sha256-dklw3AXr3OGO4/XT1Tu3Xz9n/we8GctZZ75ZWVqAVhk=",
        "owner": "NixOS",
        "repo": "nixpkgs",
        "rev": "6df24922a1400241dae323af55f30e4318a6ca65",
        "type": "github"
      },
      "original": {
        "owner": "NixOS",
        "ref": "nixos-unstable",
        "repo": "nixpkgs",
        "type": "github"
      }
    },
    "poetry2nix": {
      "inputs": {
        "flake-utils": "flake-utils_2",
        "nixpkgs": [
          "brother_ql_web",
          "nixpkgs"
        ]
      },
      "locked": {
        "lastModified": 1682487216,
        "narHash": "sha256-nguxnjaCB8kAGDZWhq6o+aHfS+2+CBMVyEaeCIGKh6M=",
        "owner": "nix-community",
        "repo": "poetry2nix",
        "rev": "5a4564ca568114890a7422e7f632d5012e35594f",
        "type": "github"
      },
      "original": {
        "owner": "nix-community",
        "repo": "poetry2nix",
        "type": "github"
      }
    },
    "poetry2nix_2": {
      "inputs": {
        "flake-utils": "flake-utils_6",
        "nix-github-actions": "nix-github-actions",
        "nixpkgs": [
          "nixpkgs"
        ],
        "systems": "systems_8",
        "treefmt-nix": "treefmt-nix_5"
      },
      "locked": {
        "lastModified": 1731205797,
        "narHash": "sha256-F7N1mxH1VrkVNHR3JGNMRvp9+98KYO4b832KS8Gl2xI=",
        "owner": "nix-community",
        "repo": "poetry2nix",
        "rev": "f554d27c1544d9c56e5f1f8e2b8aff399803674e",
        "type": "github"
      },
      "original": {
        "owner": "nix-community",
        "repo": "poetry2nix",
        "type": "github"
      }
    },
    "pre-commit-hooks-nix": {
      "inputs": {
        "flake-compat": [
          "lanzaboote",
          "flake-compat"
        ],
        "gitignore": "gitignore",
        "nixpkgs": [
          "lanzaboote",
          "nixpkgs"
        ],
        "nixpkgs-stable": "nixpkgs-stable"
      },
      "locked": {
        "lastModified": 1730302582,
        "narHash": "sha256-W1MIJpADXQCgosJZT8qBYLRuZls2KSiKdpnTVdKBuvU=",
        "owner": "cachix",
        "repo": "pre-commit-hooks.nix",
        "rev": "af8a16fe5c264f5e9e18bcee2859b40a656876cf",
        "type": "github"
      },
      "original": {
        "owner": "cachix",
        "repo": "pre-commit-hooks.nix",
        "type": "github"
      }
    },
    "root": {
      "inputs": {
        "audio-scripts": "audio-scripts",
        "brockman": "brockman",
        "brother_ql_web": "brother_ql_web",
        "buildbot-nix": "buildbot-nix",
        "clan-core": "clan-core",
        "flake-parts": "flake-parts",
        "ha-ara-menu": "ha-ara-menu",
        "home-manager": "home-manager",
        "inventory4ce": "inventory4ce",
        "lanzaboote": "lanzaboote",
        "nether": "nether",
        "nix-ld": "nix-ld",
        "nix-writers": "nix-writers",
        "nixos-hardware": "nixos-hardware",
        "nixpkgs": "nixpkgs_2",
        "poetry2nix": "poetry2nix_2",
        "stockholm": "stockholm",
        "vscode-server": "vscode-server"
      }
    },
    "rust-overlay": {
      "inputs": {
        "nixpkgs": [
          "lanzaboote",
          "nixpkgs"
        ]
      },
      "locked": {
        "lastModified": 1730601085,
        "narHash": "sha256-Sgax33jGuvVHTjl1P78IwzlhAGyOxtx5Q26inKja8S4=",
        "owner": "oxalica",
        "repo": "rust-overlay",
        "rev": "8d1b40f8dfd7539aaa3de56e207e22b3cc451825",
        "type": "github"
      },
      "original": {
        "owner": "oxalica",
        "repo": "rust-overlay",
        "type": "github"
      }
    },
    "sops-nix": {
      "inputs": {
        "nixpkgs": [
          "clan-core",
          "nixpkgs"
        ]
      },
      "locked": {
        "lastModified": 1733965552,
        "narHash": "sha256-GZ4YtqkfyTjJFVCub5yAFWsHknG1nS/zfk7MuHht4Fs=",
        "owner": "Mic92",
        "repo": "sops-nix",
        "rev": "2d73fc6ac4eba4b9a83d3cb8275096fbb7ab4004",
        "type": "github"
      },
      "original": {
        "owner": "Mic92",
        "repo": "sops-nix",
        "type": "github"
      }
    },
    "stockholm": {
      "inputs": {
        "buildbot-nix": "buildbot-nix_2",
        "nix-writers": [
          "nix-writers"
        ],
        "nixpkgs": [
          "nixpkgs"
        ]
      },
      "locked": {
        "lastModified": 1727553263,
        "narHash": "sha256-WvojwuQ141iN7ZeTzPFDONXXS8eJc4yLprGjRcAIMpU=",
        "ref": "refs/heads/master",
        "rev": "9b1008814e981dc01afe9ee7446322ad512c1d72",
        "revCount": 12035,
        "type": "git",
        "url": "https://cgit.euer.krebsco.de/makefu/stockholm.git"
      },
      "original": {
        "type": "git",
        "url": "https://cgit.euer.krebsco.de/makefu/stockholm.git"
      }
    },
    "systems": {
      "locked": {
        "lastModified": 1681028828,
        "narHash": "sha256-Vy1rq5AaRuLzOxct8nz4T6wlgyUR7zLU309k9mBC768=",
        "owner": "nix-systems",
        "repo": "default",
        "rev": "da67096a3b9bf56a91d16901293e51ba5b49a27e",
        "type": "github"
      },
      "original": {
        "owner": "nix-systems",
        "repo": "default",
        "type": "github"
      }
    },
    "systems_2": {
      "locked": {
        "lastModified": 1681028828,
        "narHash": "sha256-Vy1rq5AaRuLzOxct8nz4T6wlgyUR7zLU309k9mBC768=",
        "owner": "nix-systems",
        "repo": "default",
        "rev": "da67096a3b9bf56a91d16901293e51ba5b49a27e",
        "type": "github"
      },
      "original": {
        "owner": "nix-systems",
        "repo": "default",
        "type": "github"
      }
    },
    "systems_3": {
      "locked": {
        "lastModified": 1681028828,
        "narHash": "sha256-Vy1rq5AaRuLzOxct8nz4T6wlgyUR7zLU309k9mBC768=",
        "owner": "nix-systems",
        "repo": "default",
        "rev": "da67096a3b9bf56a91d16901293e51ba5b49a27e",
        "type": "github"
      },
      "original": {
        "owner": "nix-systems",
        "repo": "default",
        "type": "github"
      }
    },
    "systems_4": {
      "locked": {
        "lastModified": 1681028828,
        "narHash": "sha256-Vy1rq5AaRuLzOxct8nz4T6wlgyUR7zLU309k9mBC768=",
        "owner": "nix-systems",
        "repo": "default",
        "rev": "da67096a3b9bf56a91d16901293e51ba5b49a27e",
        "type": "github"
      },
      "original": {
        "owner": "nix-systems",
        "repo": "default",
        "type": "github"
      }
    },
    "systems_5": {
      "locked": {
        "lastModified": 1681028828,
        "narHash": "sha256-Vy1rq5AaRuLzOxct8nz4T6wlgyUR7zLU309k9mBC768=",
        "owner": "nix-systems",
        "repo": "default",
        "rev": "da67096a3b9bf56a91d16901293e51ba5b49a27e",
        "type": "github"
      },
      "original": {
        "owner": "nix-systems",
        "repo": "default",
        "type": "github"
      }
    },
    "systems_6": {
      "locked": {
        "lastModified": 1681028828,
        "narHash": "sha256-Vy1rq5AaRuLzOxct8nz4T6wlgyUR7zLU309k9mBC768=",
        "owner": "nix-systems",
        "repo": "default",
        "rev": "da67096a3b9bf56a91d16901293e51ba5b49a27e",
        "type": "github"
      },
      "original": {
        "owner": "nix-systems",
        "repo": "default",
        "type": "github"
      }
    },
    "systems_7": {
      "locked": {
        "lastModified": 1681028828,
        "narHash": "sha256-Vy1rq5AaRuLzOxct8nz4T6wlgyUR7zLU309k9mBC768=",
        "owner": "nix-systems",
        "repo": "default",
        "rev": "da67096a3b9bf56a91d16901293e51ba5b49a27e",
        "type": "github"
      },
      "original": {
        "owner": "nix-systems",
        "repo": "default",
        "type": "github"
      }
    },
    "systems_8": {
      "locked": {
        "lastModified": 1681028828,
        "narHash": "sha256-Vy1rq5AaRuLzOxct8nz4T6wlgyUR7zLU309k9mBC768=",
        "owner": "nix-systems",
        "repo": "default",
        "rev": "da67096a3b9bf56a91d16901293e51ba5b49a27e",
        "type": "github"
      },
      "original": {
        "id": "systems",
        "type": "indirect"
      }
    },
    "systems_9": {
      "locked": {
        "lastModified": 1681028828,
        "narHash": "sha256-Vy1rq5AaRuLzOxct8nz4T6wlgyUR7zLU309k9mBC768=",
        "owner": "nix-systems",
        "repo": "default",
        "rev": "da67096a3b9bf56a91d16901293e51ba5b49a27e",
        "type": "github"
      },
      "original": {
        "owner": "nix-systems",
        "repo": "default",
        "type": "github"
      }
    },
    "treefmt-nix": {
      "inputs": {
        "nixpkgs": [
          "buildbot-nix",
          "nixpkgs"
        ]
      },
      "locked": {
        "lastModified": 1734543842,
        "narHash": "sha256-/QceWozrNg915Db9x/Ie5k67n9wKgGdTFng+Z1Qw0kE=",
        "owner": "numtide",
        "repo": "treefmt-nix",
        "rev": "76159fc74eeac0599c3618e3601ac2b980a29263",
        "type": "github"
      },
      "original": {
        "owner": "numtide",
        "repo": "treefmt-nix",
        "type": "github"
      }
    },
    "treefmt-nix_2": {
      "inputs": {
        "nixpkgs": [
          "clan-core",
          "nixpkgs"
        ]
      },
      "locked": {
        "lastModified": 1733761991,
        "narHash": "sha256-s4DalCDepD22jtKL5Nw6f4LP5UwoMcPzPZgHWjAfqbQ=",
        "owner": "numtide",
        "repo": "treefmt-nix",
        "rev": "0ce9d149d99bc383d1f2d85f31f6ebd146e46085",
        "type": "github"
      },
      "original": {
        "owner": "numtide",
        "repo": "treefmt-nix",
        "type": "github"
      }
    },
    "treefmt-nix_3": {
      "inputs": {
        "nixpkgs": [
          "nether",
          "data-mesher",
          "nixpkgs"
        ]
      },
      "locked": {
        "lastModified": 1725271838,
        "narHash": "sha256-VcqxWT0O/gMaeWTTjf1r4MOyG49NaNxW4GHTO3xuThE=",
        "owner": "numtide",
        "repo": "treefmt-nix",
        "rev": "9fb342d14b69aefdf46187f6bb80a4a0d97007cd",
        "type": "github"
      },
      "original": {
        "owner": "numtide",
        "repo": "treefmt-nix",
        "type": "github"
      }
    },
    "treefmt-nix_4": {
      "inputs": {
        "nixpkgs": [
          "nether",
          "nixpkgs"
        ]
      },
      "locked": {
        "lastModified": 1725271838,
        "narHash": "sha256-VcqxWT0O/gMaeWTTjf1r4MOyG49NaNxW4GHTO3xuThE=",
        "owner": "numtide",
        "repo": "treefmt-nix",
        "rev": "9fb342d14b69aefdf46187f6bb80a4a0d97007cd",
        "type": "github"
      },
      "original": {
        "owner": "numtide",
        "repo": "treefmt-nix",
        "type": "github"
      }
    },
    "treefmt-nix_5": {
      "inputs": {
        "nixpkgs": [
          "poetry2nix",
          "nixpkgs"
        ]
      },
      "locked": {
        "lastModified": 1730120726,
        "narHash": "sha256-LqHYIxMrl/1p3/kvm2ir925tZ8DkI0KA10djk8wecSk=",
        "owner": "numtide",
        "repo": "treefmt-nix",
        "rev": "9ef337e492a5555d8e17a51c911ff1f02635be15",
        "type": "github"
      },
      "original": {
        "owner": "numtide",
        "repo": "treefmt-nix",
        "type": "github"
      }
    },
    "treefmt-nix_6": {
      "inputs": {
        "nixpkgs": [
          "stockholm",
          "buildbot-nix",
          "nixpkgs"
        ]
      },
      "locked": {
        "lastModified": 1725271838,
        "narHash": "sha256-VcqxWT0O/gMaeWTTjf1r4MOyG49NaNxW4GHTO3xuThE=",
        "owner": "numtide",
        "repo": "treefmt-nix",
        "rev": "9fb342d14b69aefdf46187f6bb80a4a0d97007cd",
        "type": "github"
      },
      "original": {
        "owner": "numtide",
        "repo": "treefmt-nix",
        "type": "github"
      }
    },
    "utils": {
      "inputs": {
        "systems": "systems"
      },
      "locked": {
        "lastModified": 1710146030,
        "narHash": "sha256-SZ5L6eA7HJ/nmkzGG7/ISclqe6oZdOZTNoesiInkXPQ=",
        "owner": "numtide",
        "repo": "flake-utils",
        "rev": "b1d9ab70662946ef0850d488da1c9019f3a9752a",
        "type": "github"
      },
      "original": {
        "owner": "numtide",
        "repo": "flake-utils",
        "type": "github"
      }
    },
    "vscode-server": {
      "inputs": {
        "flake-utils": "flake-utils_7",
        "nixpkgs": [
          "nixpkgs"
        ]
      },
      "locked": {
        "lastModified": 1729422940,
        "narHash": "sha256-DlvJv33ml5UTKgu4b0HauOfFIoDx6QXtbqUF3vWeRCY=",
        "owner": "nix-community",
        "repo": "nixos-vscode-server",
        "rev": "8b6db451de46ecf9b4ab3d01ef76e59957ff549f",
        "type": "github"
      },
      "original": {
        "owner": "nix-community",
        "repo": "nixos-vscode-server",
        "type": "github"
      }
    }
  },
  "root": "root",
  "version": 7
}
